
Microsoft Visual Studio Solution File, Format Version 12.00
# Visual Studio Version 17
VisualStudioVersion = 17.6.33815.320
MinimumVisualStudioVersion = 10.0.40219.1
Project("{FAE04EC0-301F-11D3-BF4B-00C04F79EFBC}") = "KubernetesAssignment", "KubernetesAssignment.csproj", "{1254FB60-B0B3-4705-BC82-E4A190516CEC}"
EndProject
Project("{E53339B2-1760-4266-BCC7-CA923CBCF16C}") = "docker-compose", "docker-compose.dcproj", "{EBE76BBB-8266-4A4C-B548-F06E77CD9DA6}"
EndProject
Global
	GlobalSection(SolutionConfigurationPlatforms) = preSolution
		Debug|Any CPU = Debug|Any CPU
		Release|Any CPU = Release|Any CPU
	EndGlobalSection
	GlobalSection(ProjectConfigurationPlatforms) = postSolution
		{1254FB60-B0B3-4705-BC82-E4A190516CEC}.Debug|Any CPU.ActiveCfg = Debug|Any CPU
		{1254FB60-B0B3-4705-BC82-E4A190516CEC}.Debug|Any CPU.Build.0 = Debug|Any CPU
		{1254FB60-B0B3-4705-BC82-E4A190516CEC}.Release|Any CPU.ActiveCfg = Release|Any CPU
		{1254FB60-B0B3-4705-BC82-E4A190516CEC}.Release|Any CPU.Build.0 = Release|Any CPU
		{EBE76BBB-8266-4A4C-B548-F06E77CD9DA6}.Debug|Any CPU.ActiveCfg = Debug|Any CPU
		{EBE76BBB-8266-4A4C-B548-F06E77CD9DA6}.Debug|Any CPU.Build.0 = Debug|Any CPU
		{EBE76BBB-8266-4A4C-B548-F06E77CD9DA6}.Release|Any CPU.ActiveCfg = Release|Any CPU
		{EBE76BBB-8266-4A4C-B548-F06E77CD9DA6}.Release|Any CPU.Build.0 = Release|Any CPU
	EndGlobalSection
	GlobalSection(SolutionProperties) = preSolution
		HideSolutionNode = FALSE
	EndGlobalSection
	GlobalSection(ExtensibilityGlobals) = postSolution
		SolutionGuid = {B1B8A1CA-34B9-46A3-BAB5-266D5DFAEB92}
	EndGlobalSection
EndGlobal
